
Microsoft Visual Studio Solution File, Format Version 12.00
# Visual Studio 15
VisualStudioVersion = 15.0.27130.2036
MinimumVisualStudioVersion = 10.0.40219.1
Project("{FAE04EC0-301F-11D3-BF4B-00C04F79EFBC}") = "DormWebApi", "DormWebApi\DormWebApi.csproj", "{F6FC165D-77FA-4F3E-8BF8-9ACC7A48C7B6}"
EndProject
Project("{FAE04EC0-301F-11D3-BF4B-00C04F79EFBC}") = "DormData", "DormData\DormData.csproj", "{671275F1-9484-4894-8F49-A672CA3F90F6}"
EndProject
Global
	GlobalSection(SolutionConfigurationPlatforms) = preSolution
		Debug|Any CPU = Debug|Any CPU
		Release|Any CPU = Release|Any CPU
	EndGlobalSection
	GlobalSection(ProjectConfigurationPlatforms) = postSolution
		{F6FC165D-77FA-4F3E-8BF8-9ACC7A48C7B6}.Debug|Any CPU.ActiveCfg = Debug|Any CPU
		{F6FC165D-77FA-4F3E-8BF8-9ACC7A48C7B6}.Debug|Any CPU.Build.0 = Debug|Any CPU
		{F6FC165D-77FA-4F3E-8BF8-9ACC7A48C7B6}.Release|Any CPU.ActiveCfg = Release|Any CPU
		{F6FC165D-77FA-4F3E-8BF8-9ACC7A48C7B6}.Release|Any CPU.Build.0 = Release|Any CPU
		{671275F1-9484-4894-8F49-A672CA3F90F6}.Debug|Any CPU.ActiveCfg = Debug|Any CPU
		{671275F1-9484-4894-8F49-A672CA3F90F6}.Debug|Any CPU.Build.0 = Debug|Any CPU
		{671275F1-9484-4894-8F49-A672CA3F90F6}.Release|Any CPU.ActiveCfg = Release|Any CPU
		{671275F1-9484-4894-8F49-A672CA3F90F6}.Release|Any CPU.Build.0 = Release|Any CPU
	EndGlobalSection
	GlobalSection(SolutionProperties) = preSolution
		HideSolutionNode = FALSE
	EndGlobalSection
	GlobalSection(ExtensibilityGlobals) = postSolution
		SolutionGuid = {CF8E7402-2A1C-4B83-82C2-25890A229F02}
	EndGlobalSection
EndGlobal
